# DO NOT EDIT MANUALLY - Managed by Fern Replay
version: "1.0"
generations:
  - commit_sha: 367dd0be746692443ff7eb01e60ea2fff4b7a375
    tree_hash: c0ab4b411a534c984288e38fa3563d2cc552bc86
    timestamp: 2026-05-22T21:57:38.156Z
    cli_version: unknown
    generator_versions: {}
current_generation: 367dd0be746692443ff7eb01e60ea2fff4b7a375
patches: []
